{
  "name": "reha-radio-mobile",
  "version": "1.0.0",
  "lockfileVersion": 3,
  "requires": true,
  "packages": {
    "": {
      "name": "reha-radio-mobile",
      "version": "1.0.0",
      "license": "ISC",
      "dependencies": {
        "@capacitor/android": "^7.4.2",
        "@capacitor/local-notifications": "^7.0.1",
        "cordova-plugin-background-mode": "^0.7.3",
        "cordova-plugin-device": "^3.0.0"
      }
    },
    "node_modules/@capacitor/android": {
      "version": "7.4.2",
      "resolved": "https://registry.npmjs.org/@capacitor/android/-/android-7.4.2.tgz",
      "integrity": "sha512-FZ7M9NwFkljR7EP5eXiE32mAIfZNcYw2CzRMCG3rQu0u0ZaIoeOeq5/oK4YcDnGpNmu8jpngKJqZ+9OiSQSwDg==",
      "license": "MIT",
      "peerDependencies": {
        "@capacitor/core": "^7.4.0"
      }
    },
    "node_modules/@capacitor/core": {
      "version": "7.4.2",
      "resolved": "https://registry.npmjs.org/@capacitor/core/-/core-7.4.2.tgz",
      "integrity": "sha512-akCf9A1FUR8AWTtmgGjHEq6LmGsjA2U7igaJ9PxiCBfyxKqlDbuGHrlNdpvHEjV5tUPH3KYtkze6gtFcNKPU9A==",
      "license": "MIT",
      "peer": true,
      "dependencies": {
        "tslib": "^2.1.0"
      }
    },
    "node_modules/@capacitor/local-notifications": {
      "version": "7.0.1",
      "resolved": "https://registry.npmjs.org/@capacitor/local-notifications/-/local-notifications-7.0.1.tgz",
      "integrity": "sha512-GJewoiqiTLXNNRxqeJDi6vxj1Y37jLFI3KSdAM2Omvxew4ewyBSCjwOtXMQaEg+lvzGHtK6FPrSc2v/2EcL0wA==",
      "license": "MIT",
      "peerDependencies": {
        "@capacitor/core": ">=7.0.0"
      }
    },
    "node_modules/cordova-plugin-background-mode": {
      "version": "0.7.3",
      "resolved": "https://registry.npmjs.org/cordova-plugin-background-mode/-/cordova-plugin-background-mode-0.7.3.tgz",
      "integrity": "sha512-LsU1v7EgTUROaks+tcQ8TnMzVUcU/TwjDVwj2O/4e4aI2q2ldLGsiZorqKqfqvwh2HoIssmY73OwJk91hQi62w==",
      "engines": [
        {
          "name": "cordova",
          "version": ">=3.0.0"
        },
        {
          "name": "android-sdk",
          "version": ">=16"
        }
      ],
      "license": "Apache 2.0"
    },
    "node_modules/cordova-plugin-device": {
      "version": "3.0.0",
      "resolved": "https://registry.npmjs.org/cordova-plugin-device/-/cordova-plugin-device-3.0.0.tgz",
      "integrity": "sha512-g8fFYOvleeYpklWvHwZ/T8/IzJe/3O0MGVDIUoqBru4v8SNDAbNVD3oOqoOQANBWGFQMg7GIkAAl8errCHZ7zQ==",
      "license": "Apache-2.0",
      "engines": {
        "cordovaDependencies": {
          "2.1.0": {
            "cordova-electron": ">=3.0.0"
          },
          "3.0.0": {
            "cordova-android": ">=7.0.0",
            "cordova-electron": ">=3.0.0"
          },
          "4.0.0": {
            "cordova": ">100"
          }
        }
      }
    },
    "node_modules/tslib": {
      "version": "2.8.1",
      "resolved": "https://registry.npmjs.org/tslib/-/tslib-2.8.1.tgz",
      "integrity": "sha512-oJFu94HQb+KVduSUQL7wnpmqnfmLsOA/nAh6b6EH0wCEoK0/mPeXU6c3wKDV83MkOuHPRHtSXKKU99IBazS/2w==",
      "license": "0BSD",
      "peer": true
    }
  }
}
